// !$*UTF8*$!
{
	archiveVersion = 1;
	classes = {
	};
	objectVersion = 56;
	objects = {

/* Begin PBXBuildFile section */
		18A5394B2AA798CB00D82A49 /* AppDelegate.swift in Sources */ = {isa = PBXBuildFile; fileRef = 18A5394A2AA798CB00D82A49 /* AppDelegate.swift */; };
		18A5394D2AA798CB00D82A49 /* SceneDelegate.swift in Sources */ = {isa = PBXBuildFile; fileRef = 18A5394C2AA798CB00D82A49 /* SceneDelegate.swift */; };
		18A5394F2AA798CB00D82A49 /* AutorizationViewController.swift in Sources */ = {isa = PBXBuildFile; fileRef = 18A5394E2AA798CB00D82A49 /* AutorizationViewController.swift */; };
		18A539542AA798CD00D82A49 /* Assets.xcassets in Resources */ = {isa = PBXBuildFile; fileRef = 18A539532AA798CD00D82A49 /* Assets.xcassets */; };
		18A539572AA798CD00D82A49 /* LaunchScreen.storyboard in Resources */ = {isa = PBXBuildFile; fileRef = 18A539552AA798CD00D82A49 /* LaunchScreen.storyboard */; };
		18A539622AA79DA400D82A49 /* GoogleService-Info.plist in Resources */ = {isa = PBXBuildFile; fileRef = 18A539612AA79DA400D82A49 /* GoogleService-Info.plist */; };
		18A5396D2AA7AB3300D82A49 /* FirebaseClient.swift in Sources */ = {isa = PBXBuildFile; fileRef = 18A5396C2AA7AB3300D82A49 /* FirebaseClient.swift */; };
		18A539702AA8913200D82A49 /* HumanModel.swift in Sources */ = {isa = PBXBuildFile; fileRef = 18A5396F2AA8913200D82A49 /* HumanModel.swift */; };
		18A539722AA8913A00D82A49 /* PetModel.swift in Sources */ = {isa = PBXBuildFile; fileRef = 18A539712AA8913A00D82A49 /* PetModel.swift */; };
		18A539772AA896DF00D82A49 /* FirebaseAuth in Frameworks */ = {isa = PBXBuildFile; productRef = 18A539762AA896DF00D82A49 /* FirebaseAuth */; };
		18A539792AA896DF00D82A49 /* FirebaseDatabase in Frameworks */ = {isa = PBXBuildFile; productRef = 18A539782AA896DF00D82A49 /* FirebaseDatabase */; };
		18A5397B2AA896DF00D82A49 /* FirebaseFirestore in Frameworks */ = {isa = PBXBuildFile; productRef = 18A5397A2AA896DF00D82A49 /* FirebaseFirestore */; };
		18A5397D2AA896DF00D82A49 /* FirebaseFirestoreSwift in Frameworks */ = {isa = PBXBuildFile; productRef = 18A5397C2AA896DF00D82A49 /* FirebaseFirestoreSwift */; };
		18A5397F2AA896DF00D82A49 /* FirebaseStorage in Frameworks */ = {isa = PBXBuildFile; productRef = 18A5397E2AA896DF00D82A49 /* FirebaseStorage */; };
		31A492982AAFB74E009B27C9 /* RegistrationViewController.swift in Sources */ = {isa = PBXBuildFile; fileRef = 31A492972AAFB74E009B27C9 /* RegistrationViewController.swift */; };
		C9629F8E2AAB4F7500CBD361 /* RestorePasswordViewController.swift in Sources */ = {isa = PBXBuildFile; fileRef = C9629F8D2AAB4F7500CBD361 /* RestorePasswordViewController.swift */; };
		C96FAD162AAE034900CA0BAA /* K.swift in Sources */ = {isa = PBXBuildFile; fileRef = C96FAD152AAE034900CA0BAA /* K.swift */; };
		C96FAD182AAE34D800CA0BAA /* CustomTextField.swift in Sources */ = {isa = PBXBuildFile; fileRef = C96FAD172AAE34D800CA0BAA /* CustomTextField.swift */; };
		C989D9D02AB319AB00268730 /* Coordinator.swift in Sources */ = {isa = PBXBuildFile; fileRef = C989D9CF2AB319AB00268730 /* Coordinator.swift */; };
		C989D9D22AB31A0800268730 /* AppCoordinator.swift in Sources */ = {isa = PBXBuildFile; fileRef = C989D9D12AB31A0800268730 /* AppCoordinator.swift */; };
		C989D9D52AB31D8600268730 /* AutorizetionViewModel.swift in Sources */ = {isa = PBXBuildFile; fileRef = C989D9D42AB31D8600268730 /* AutorizetionViewModel.swift */; };
		C989D9D72AB31DD300268730 /* RegistrationViewModel.swift in Sources */ = {isa = PBXBuildFile; fileRef = C989D9D62AB31DD300268730 /* RegistrationViewModel.swift */; };
		C989D9D92AB31E8100268730 /* RestorePasswordViewModel.swift in Sources */ = {isa = PBXBuildFile; fileRef = C989D9D82AB31E8100268730 /* RestorePasswordViewModel.swift */; };
		C9B187D72AB88DCA00E6A6A4 /* CustomFloatingTextField.swift in Sources */ = {isa = PBXBuildFile; fileRef = C9B187D62AB88DCA00E6A6A4 /* CustomFloatingTextField.swift */; };
/* End PBXBuildFile section */

/* Begin PBXFileReference section */
		18A539472AA798CB00D82A49 /* SeptemberProject.app */ = {isa = PBXFileReference; explicitFileType = wrapper.application; includeInIndex = 0; path = SeptemberProject.app; sourceTree = BUILT_PRODUCTS_DIR; };
		18A5394A2AA798CB00D82A49 /* AppDelegate.swift */ = {isa = PBXFileReference; lastKnownFileType = sourcecode.swift; path = AppDelegate.swift; sourceTree = "<group>"; };
		18A5394C2AA798CB00D82A49 /* SceneDelegate.swift */ = {isa = PBXFileReference; lastKnownFileType = sourcecode.swift; path = SceneDelegate.swift; sourceTree = "<group>"; };
		18A5394E2AA798CB00D82A49 /* AutorizationViewController.swift */ = {isa = PBXFileReference; lastKnownFileType = sourcecode.swift; path = AutorizationViewController.swift; sourceTree = "<group>"; };
		18A539532AA798CD00D82A49 /* Assets.xcassets */ = {isa = PBXFileReference; lastKnownFileType = folder.assetcatalog; path = Assets.xcassets; sourceTree = "<group>"; };
		18A539562AA798CD00D82A49 /* Base */ = {isa = PBXFileReference; lastKnownFileType = file.storyboard; name = Base; path = Base.lproj/LaunchScreen.storyboard; sourceTree = "<group>"; };
		18A539582AA798CD00D82A49 /* Info.plist */ = {isa = PBXFileReference; lastKnownFileType = text.plist.xml; path = Info.plist; sourceTree = "<group>"; };
		18A539612AA79DA400D82A49 /* GoogleService-Info.plist */ = {isa = PBXFileReference; fileEncoding = 4; lastKnownFileType = text.plist.xml; path = "GoogleService-Info.plist"; sourceTree = "<group>"; };
		18A5396C2AA7AB3300D82A49 /* FirebaseClient.swift */ = {isa = PBXFileReference; lastKnownFileType = sourcecode.swift; path = FirebaseClient.swift; sourceTree = "<group>"; };
		18A5396F2AA8913200D82A49 /* HumanModel.swift */ = {isa = PBXFileReference; lastKnownFileType = sourcecode.swift; path = HumanModel.swift; sourceTree = "<group>"; };
		18A539712AA8913A00D82A49 /* PetModel.swift */ = {isa = PBXFileReference; lastKnownFileType = sourcecode.swift; path = PetModel.swift; sourceTree = "<group>"; };
		31A492972AAFB74E009B27C9 /* RegistrationViewController.swift */ = {isa = PBXFileReference; lastKnownFileType = sourcecode.swift; path = RegistrationViewController.swift; sourceTree = "<group>"; };
		C9629F8D2AAB4F7500CBD361 /* RestorePasswordViewController.swift */ = {isa = PBXFileReference; lastKnownFileType = sourcecode.swift; path = RestorePasswordViewController.swift; sourceTree = "<group>"; };
		C96FAD152AAE034900CA0BAA /* K.swift */ = {isa = PBXFileReference; lastKnownFileType = sourcecode.swift; path = K.swift; sourceTree = "<group>"; };
		C96FAD172AAE34D800CA0BAA /* CustomTextField.swift */ = {isa = PBXFileReference; lastKnownFileType = sourcecode.swift; path = CustomTextField.swift; sourceTree = "<group>"; };
		C989D9CF2AB319AB00268730 /* Coordinator.swift */ = {isa = PBXFileReference; lastKnownFileType = sourcecode.swift; path = Coordinator.swift; sourceTree = "<group>"; };
		C989D9D12AB31A0800268730 /* AppCoordinator.swift */ = {isa = PBXFileReference; lastKnownFileType = sourcecode.swift; path = AppCoordinator.swift; sourceTree = "<group>"; };
		C989D9D42AB31D8600268730 /* AutorizetionViewModel.swift */ = {isa = PBXFileReference; lastKnownFileType = sourcecode.swift; path = AutorizetionViewModel.swift; sourceTree = "<group>"; };
		C989D9D62AB31DD300268730 /* RegistrationViewModel.swift */ = {isa = PBXFileReference; lastKnownFileType = sourcecode.swift; path = RegistrationViewModel.swift; sourceTree = "<group>"; };
		C989D9D82AB31E8100268730 /* RestorePasswordViewModel.swift */ = {isa = PBXFileReference; lastKnownFileType = sourcecode.swift; path = RestorePasswordViewModel.swift; sourceTree = "<group>"; };
		C9B187D62AB88DCA00E6A6A4 /* CustomFloatingTextField.swift */ = {isa = PBXFileReference; lastKnownFileType = sourcecode.swift; path = CustomFloatingTextField.swift; sourceTree = "<group>"; };
/* End PBXFileReference section */

/* Begin PBXFrameworksBuildPhase section */
		18A539442AA798CB00D82A49 /* Frameworks */ = {
			isa = PBXFrameworksBuildPhase;
			buildActionMask = 2147483647;
			files = (
				18A539792AA896DF00D82A49 /* FirebaseDatabase in Frameworks */,
				18A539772AA896DF00D82A49 /* FirebaseAuth in Frameworks */,
				18A5397B2AA896DF00D82A49 /* FirebaseFirestore in Frameworks */,
				18A5397F2AA896DF00D82A49 /* FirebaseStorage in Frameworks */,
				18A5397D2AA896DF00D82A49 /* FirebaseFirestoreSwift in Frameworks */,
			);
			runOnlyForDeploymentPostprocessing = 0;
		};
/* End PBXFrameworksBuildPhase section */

/* Begin PBXGroup section */
		18A5393E2AA798CB00D82A49 = {
			isa = PBXGroup;
			children = (
				18A539492AA798CB00D82A49 /* SeptemberProject */,
				18A539482AA798CB00D82A49 /* Products */,
			);
			sourceTree = "<group>";
		};
		18A539482AA798CB00D82A49 /* Products */ = {
			isa = PBXGroup;
			children = (
				18A539472AA798CB00D82A49 /* SeptemberProject.app */,
			);
			name = Products;
			sourceTree = "<group>";
		};
		18A539492AA798CB00D82A49 /* SeptemberProject */ = {
			isa = PBXGroup;
			children = (
				C989D9D32AB31D6100268730 /* ViewModel */,
				C989D9CE2AB3199500268730 /* Coordinator */,
				18A5395E2AA79A2C00D82A49 /* Resources */,
				18A539602AA79AB300D82A49 /* FirebaseService */,
				18A5395F2AA79A3C00D82A49 /* Controllers */,
				18A539582AA798CD00D82A49 /* Info.plist */,
				C96FAD152AAE034900CA0BAA /* K.swift */,
				C96FAD172AAE34D800CA0BAA /* CustomTextField.swift */,
				18A539612AA79DA400D82A49 /* GoogleService-Info.plist */,
				C9B187D62AB88DCA00E6A6A4 /* CustomFloatingTextField.swift */,
			);
			path = SeptemberProject;
			sourceTree = "<group>";
		};
		18A5395E2AA79A2C00D82A49 /* Resources */ = {
			isa = PBXGroup;
			children = (
				18A5394A2AA798CB00D82A49 /* AppDelegate.swift */,
				18A5394C2AA798CB00D82A49 /* SceneDelegate.swift */,
				18A539532AA798CD00D82A49 /* Assets.xcassets */,
				18A539552AA798CD00D82A49 /* LaunchScreen.storyboard */,
			);
			path = Resources;
			sourceTree = "<group>";
		};
		18A5395F2AA79A3C00D82A49 /* Controllers */ = {
			isa = PBXGroup;
			children = (
				18A5394E2AA798CB00D82A49 /* AutorizationViewController.swift */,
				31A492972AAFB74E009B27C9 /* RegistrationViewController.swift */,
				C9629F8D2AAB4F7500CBD361 /* RestorePasswordViewController.swift */,
			);
			path = Controllers;
			sourceTree = "<group>";
		};
		18A539602AA79AB300D82A49 /* FirebaseService */ = {
			isa = PBXGroup;
			children = (
				18A5396E2AA8912400D82A49 /* Model */,
				18A5396C2AA7AB3300D82A49 /* FirebaseClient.swift */,
			);
			path = FirebaseService;
			sourceTree = "<group>";
		};
		18A5396E2AA8912400D82A49 /* Model */ = {
			isa = PBXGroup;
			children = (
				18A5396F2AA8913200D82A49 /* HumanModel.swift */,
				18A539712AA8913A00D82A49 /* PetModel.swift */,
			);
			path = Model;
			sourceTree = "<group>";
		};
		C989D9CE2AB3199500268730 /* Coordinator */ = {
			isa = PBXGroup;
			children = (
				C989D9CF2AB319AB00268730 /* Coordinator.swift */,
				C989D9D12AB31A0800268730 /* AppCoordinator.swift */,
			);
			path = Coordinator;
			sourceTree = "<group>";
		};
		C989D9D32AB31D6100268730 /* ViewModel */ = {
			isa = PBXGroup;
			children = (
				C989D9D42AB31D8600268730 /* AutorizetionViewModel.swift */,
				C989D9D62AB31DD300268730 /* RegistrationViewModel.swift */,
				C989D9D82AB31E8100268730 /* RestorePasswordViewModel.swift */,
			);
			path = ViewModel;
			sourceTree = "<group>";
		};
/* End PBXGroup section */

/* Begin PBXNativeTarget section */
		18A539462AA798CB00D82A49 /* SeptemberProject */ = {
			isa = PBXNativeTarget;
			buildConfigurationList = 18A5395B2AA798CD00D82A49 /* Build configuration list for PBXNativeTarget "SeptemberProject" */;
			buildPhases = (
				18A539432AA798CB00D82A49 /* Sources */,
				18A539442AA798CB00D82A49 /* Frameworks */,
				18A539452AA798CB00D82A49 /* Resources */,
			);
			buildRules = (
			);
			dependencies = (
			);
			name = SeptemberProject;
			packageProductDependencies = (
				18A539762AA896DF00D82A49 /* FirebaseAuth */,
				18A539782AA896DF00D82A49 /* FirebaseDatabase */,
				18A5397A2AA896DF00D82A49 /* FirebaseFirestore */,
				18A5397C2AA896DF00D82A49 /* FirebaseFirestoreSwift */,
				18A5397E2AA896DF00D82A49 /* FirebaseStorage */,
			);
			productName = SeptemberProject;
			productReference = 18A539472AA798CB00D82A49 /* SeptemberProject.app */;
			productType = "com.apple.product-type.application";
		};
/* End PBXNativeTarget section */

/* Begin PBXProject section */
		18A5393F2AA798CB00D82A49 /* Project object */ = {
			isa = PBXProject;
			attributes = {
				BuildIndependentTargetsInParallel = 1;
				LastSwiftUpdateCheck = 1420;
				LastUpgradeCheck = 1420;
				TargetAttributes = {
					18A539462AA798CB00D82A49 = {
						CreatedOnToolsVersion = 14.2;
					};
				};
			};
			buildConfigurationList = 18A539422AA798CB00D82A49 /* Build configuration list for PBXProject "SeptemberProject" */;
			compatibilityVersion = "Xcode 14.0";
			developmentRegion = en;
			hasScannedForEncodings = 0;
			knownRegions = (
				en,
				Base,
			);
			mainGroup = 18A5393E2AA798CB00D82A49;
			packageReferences = (
				18A539752AA896DF00D82A49 /* XCRemoteSwiftPackageReference "firebase-ios-sdk" */,
			);
			productRefGroup = 18A539482AA798CB00D82A49 /* Products */;
			projectDirPath = "";
			projectRoot = "";
			targets = (
				18A539462AA798CB00D82A49 /* SeptemberProject */,
			);
		};
/* End PBXProject section */

/* Begin PBXResourcesBuildPhase section */
		18A539452AA798CB00D82A49 /* Resources */ = {
			isa = PBXResourcesBuildPhase;
			buildActionMask = 2147483647;
			files = (
				18A539572AA798CD00D82A49 /* LaunchScreen.storyboard in Resources */,
				18A539542AA798CD00D82A49 /* Assets.xcassets in Resources */,
				18A539622AA79DA400D82A49 /* GoogleService-Info.plist in Resources */,
			);
			runOnlyForDeploymentPostprocessing = 0;
		};
/* End PBXResourcesBuildPhase section */

/* Begin PBXSourcesBuildPhase section */
		18A539432AA798CB00D82A49 /* Sources */ = {
			isa = PBXSourcesBuildPhase;
			buildActionMask = 2147483647;
			files = (
				C9B187D72AB88DCA00E6A6A4 /* CustomFloatingTextField.swift in Sources */,
				C989D9D22AB31A0800268730 /* AppCoordinator.swift in Sources */,
				18A5394F2AA798CB00D82A49 /* AutorizationViewController.swift in Sources */,
				C989D9D52AB31D8600268730 /* AutorizetionViewModel.swift in Sources */,
				C989D9D72AB31DD300268730 /* RegistrationViewModel.swift in Sources */,
				C96FAD162AAE034900CA0BAA /* K.swift in Sources */,
				C989D9D92AB31E8100268730 /* RestorePasswordViewModel.swift in Sources */,
				C96FAD182AAE34D800CA0BAA /* CustomTextField.swift in Sources */,
				C9629F8E2AAB4F7500CBD361 /* RestorePasswordViewController.swift in Sources */,
				31A492982AAFB74E009B27C9 /* RegistrationViewController.swift in Sources */,
				18A5394B2AA798CB00D82A49 /* AppDelegate.swift in Sources */,
				C989D9D02AB319AB00268730 /* Coordinator.swift in Sources */,
				18A5394D2AA798CB00D82A49 /* SceneDelegate.swift in Sources */,
				18A539702AA8913200D82A49 /* HumanModel.swift in Sources */,
				18A5396D2AA7AB3300D82A49 /* FirebaseClient.swift in Sources */,
				18A539722AA8913A00D82A49 /* PetModel.swift in Sources */,
			);
			runOnlyForDeploymentPostprocessing = 0;
		};
/* End PBXSourcesBuildPhase section */

/* Begin PBXVariantGroup section */
		18A539552AA798CD00D82A49 /* LaunchScreen.storyboard */ = {
			isa = PBXVariantGroup;
			children = (
				18A539562AA798CD00D82A49 /* Base */,
			);
			name = LaunchScreen.storyboard;
			sourceTree = "<group>";
		};
/* End PBXVariantGroup section */

/* Begin XCBuildConfiguration section */
		18A539592AA798CD00D82A49 /* Debug */ = {
			isa = XCBuildConfiguration;
			buildSettings = {
				ALWAYS_SEARCH_USER_PATHS = NO;
				CLANG_ANALYZER_NONNULL = YES;
				CLANG_ANALYZER_NUMBER_OBJECT_CONVERSION = YES_AGGRESSIVE;
				CLANG_CXX_LANGUAGE_STANDARD = "gnu++20";
				CLANG_ENABLE_MODULES = YES;
				CLANG_ENABLE_OBJC_ARC = YES;
				CLANG_ENABLE_OBJC_WEAK = YES;
				CLANG_WARN_BLOCK_CAPTURE_AUTORELEASING = YES;
				CLANG_WARN_BOOL_CONVERSION = YES;
				CLANG_WARN_COMMA = YES;
				CLANG_WARN_CONSTANT_CONVERSION = YES;
				CLANG_WARN_DEPRECATED_OBJC_IMPLEMENTATIONS = YES;
				CLANG_WARN_DIRECT_OBJC_ISA_USAGE = YES_ERROR;
				CLANG_WARN_DOCUMENTATION_COMMENTS = YES;
				CLANG_WARN_EMPTY_BODY = YES;
				CLANG_WARN_ENUM_CONVERSION = YES;
				CLANG_WARN_INFINITE_RECURSION = YES;
				CLANG_WARN_INT_CONVERSION = YES;
				CLANG_WARN_NON_LITERAL_NULL_CONVERSION = YES;
				CLANG_WARN_OBJC_IMPLICIT_RETAIN_SELF = YES;
				CLANG_WARN_OBJC_LITERAL_CONVERSION = YES;
				CLANG_WARN_OBJC_ROOT_CLASS = YES_ERROR;
				CLANG_WARN_QUOTED_INCLUDE_IN_FRAMEWORK_HEADER = YES;
				CLANG_WARN_RANGE_LOOP_ANALYSIS = YES;
				CLANG_WARN_STRICT_PROTOTYPES = YES;
				CLANG_WARN_SUSPICIOUS_MOVE = YES;
				CLANG_WARN_UNGUARDED_AVAILABILITY = YES_AGGRESSIVE;
				CLANG_WARN_UNREACHABLE_CODE = YES;
				CLANG_WARN__DUPLICATE_METHOD_MATCH = YES;
				COPY_PHASE_STRIP = NO;
				DEBUG_INFORMATION_FORMAT = dwarf;
				ENABLE_STRICT_OBJC_MSGSEND = YES;
				ENABLE_TESTABILITY = YES;
				GCC_C_LANGUAGE_STANDARD = gnu11;
				GCC_DYNAMIC_NO_PIC = NO;
				GCC_NO_COMMON_BLOCKS = YES;
				GCC_OPTIMIZATION_LEVEL = 0;
				GCC_PREPROCESSOR_DEFINITIONS = (
					"DEBUG=1",
					"$(inherited)",
				);
				GCC_WARN_64_TO_32_BIT_CONVERSION = YES;
				GCC_WARN_ABOUT_RETURN_TYPE = YES_ERROR;
				GCC_WARN_UNDECLARED_SELECTOR = YES;
				GCC_WARN_UNINITIALIZED_AUTOS = YES_AGGRESSIVE;
				GCC_WARN_UNUSED_FUNCTION = YES;
				GCC_WARN_UNUSED_VARIABLE = YES;
				IPHONEOS_DEPLOYMENT_TARGET = 14.0;
				MTL_ENABLE_DEBUG_INFO = INCLUDE_SOURCE;
				MTL_FAST_MATH = YES;
				ONLY_ACTIVE_ARCH = YES;
				SDKROOT = iphoneos;
				SWIFT_ACTIVE_COMPILATION_CONDITIONS = DEBUG;
				SWIFT_OPTIMIZATION_LEVEL = "-Onone";
			};
			name = Debug;
		};
		18A5395A2AA798CD00D82A49 /* Release */ = {
			isa = XCBuildConfiguration;
			buildSettings = {
				ALWAYS_SEARCH_USER_PATHS = NO;
				CLANG_ANALYZER_NONNULL = YES;
				CLANG_ANALYZER_NUMBER_OBJECT_CONVERSION = YES_AGGRESSIVE;
				CLANG_CXX_LANGUAGE_STANDARD = "gnu++20";
				CLANG_ENABLE_MODULES = YES;
				CLANG_ENABLE_OBJC_ARC = YES;
				CLANG_ENABLE_OBJC_WEAK = YES;
				CLANG_WARN_BLOCK_CAPTURE_AUTORELEASING = YES;
				CLANG_WARN_BOOL_CONVERSION = YES;
				CLANG_WARN_COMMA = YES;
				CLANG_WARN_CONSTANT_CONVERSION = YES;
				CLANG_WARN_DEPRECATED_OBJC_IMPLEMENTATIONS = YES;
				CLANG_WARN_DIRECT_OBJC_ISA_USAGE = YES_ERROR;
				CLANG_WARN_DOCUMENTATION_COMMENTS = YES;
				CLANG_WARN_EMPTY_BODY = YES;
				CLANG_WARN_ENUM_CONVERSION = YES;
				CLANG_WARN_INFINITE_RECURSION = YES;
				CLANG_WARN_INT_CONVERSION = YES;
				CLANG_WARN_NON_LITERAL_NULL_CONVERSION = YES;
				CLANG_WARN_OBJC_IMPLICIT_RETAIN_SELF = YES;
				CLANG_WARN_OBJC_LITERAL_CONVERSION = YES;
				CLANG_WARN_OBJC_ROOT_CLASS = YES_ERROR;
				CLANG_WARN_QUOTED_INCLUDE_IN_FRAMEWORK_HEADER = YES;
				CLANG_WARN_RANGE_LOOP_ANALYSIS = YES;
				CLANG_WARN_STRICT_PROTOTYPES = YES;
				CLANG_WARN_SUSPICIOUS_MOVE = YES;
				CLANG_WARN_UNGUARDED_AVAILABILITY = YES_AGGRESSIVE;
				CLANG_WARN_UNREACHABLE_CODE = YES;
				CLANG_WARN__DUPLICATE_METHOD_MATCH = YES;
				COPY_PHASE_STRIP = NO;
				DEBUG_INFORMATION_FORMAT = "dwarf-with-dsym";
				ENABLE_NS_ASSERTIONS = NO;
				ENABLE_STRICT_OBJC_MSGSEND = YES;
				GCC_C_LANGUAGE_STANDARD = gnu11;
				GCC_NO_COMMON_BLOCKS = YES;
				GCC_WARN_64_TO_32_BIT_CONVERSION = YES;
				GCC_WARN_ABOUT_RETURN_TYPE = YES_ERROR;
				GCC_WARN_UNDECLARED_SELECTOR = YES;
				GCC_WARN_UNINITIALIZED_AUTOS = YES_AGGRESSIVE;
				GCC_WARN_UNUSED_FUNCTION = YES;
				GCC_WARN_UNUSED_VARIABLE = YES;
				IPHONEOS_DEPLOYMENT_TARGET = 14.0;
				MTL_ENABLE_DEBUG_INFO = NO;
				MTL_FAST_MATH = YES;
				SDKROOT = iphoneos;
				SWIFT_COMPILATION_MODE = wholemodule;
				SWIFT_OPTIMIZATION_LEVEL = "-O";
				VALIDATE_PRODUCT = YES;
			};
			name = Release;
		};
		18A5395C2AA798CD00D82A49 /* Debug */ = {
			isa = XCBuildConfiguration;
			buildSettings = {
				ASSETCATALOG_COMPILER_APPICON_NAME = AppIcon;
				ASSETCATALOG_COMPILER_GLOBAL_ACCENT_COLOR_NAME = AccentColor;
				CODE_SIGN_STYLE = Automatic;
				CURRENT_PROJECT_VERSION = 1;
				DEVELOPMENT_TEAM = R82UJBY7FF;
				GENERATE_INFOPLIST_FILE = YES;
				INFOPLIST_FILE = SeptemberProject/Info.plist;
				INFOPLIST_KEY_UIApplicationSupportsIndirectInputEvents = YES;
				INFOPLIST_KEY_UILaunchStoryboardName = LaunchScreen;
				INFOPLIST_KEY_UISupportedInterfaceOrientations = UIInterfaceOrientationPortrait;
				LD_RUNPATH_SEARCH_PATHS = (
					"$(inherited)",
					"@executable_path/Frameworks",
				);
				MARKETING_VERSION = 1.0;
				PRODUCT_BUNDLE_IDENTIFIER = "-23.SeptemberProject";
				PRODUCT_NAME = "$(TARGET_NAME)";
				SUPPORTED_PLATFORMS = "iphoneos iphonesimulator";
				SUPPORTS_MACCATALYST = NO;
				SUPPORTS_MAC_DESIGNED_FOR_IPHONE_IPAD = NO;
				SWIFT_EMIT_LOC_STRINGS = YES;
				SWIFT_VERSION = 5.0;
				TARGETED_DEVICE_FAMILY = 1;
			};
			name = Debug;
		};
		18A5395D2AA798CD00D82A49 /* Release */ = {
			isa = XCBuildConfiguration;
			buildSettings = {
				ASSETCATALOG_COMPILER_APPICON_NAME = AppIcon;
				ASSETCATALOG_COMPILER_GLOBAL_ACCENT_COLOR_NAME = AccentColor;
				CODE_SIGN_STYLE = Automatic;
				CURRENT_PROJECT_VERSION = 1;
				DEVELOPMENT_TEAM = R82UJBY7FF;
				GENERATE_INFOPLIST_FILE = YES;
				INFOPLIST_FILE = SeptemberProject/Info.plist;
				INFOPLIST_KEY_UIApplicationSupportsIndirectInputEvents = YES;
				INFOPLIST_KEY_UILaunchStoryboardName = LaunchScreen;
				INFOPLIST_KEY_UISupportedInterfaceOrientations = UIInterfaceOrientationPortrait;
				LD_RUNPATH_SEARCH_PATHS = (
					"$(inherited)",
					"@executable_path/Frameworks",
				);
				MARKETING_VERSION = 1.0;
				PRODUCT_BUNDLE_IDENTIFIER = "-23.SeptemberProject";
				PRODUCT_NAME = "$(TARGET_NAME)";
				SUPPORTED_PLATFORMS = "iphoneos iphonesimulator";
				SUPPORTS_MACCATALYST = NO;
				SUPPORTS_MAC_DESIGNED_FOR_IPHONE_IPAD = NO;
				SWIFT_EMIT_LOC_STRINGS = YES;
				SWIFT_VERSION = 5.0;
				TARGETED_DEVICE_FAMILY = 1;
			};
			name = Release;
		};
/* End XCBuildConfiguration section */

/* Begin XCConfigurationList section */
		18A539422AA798CB00D82A49 /* Build configuration list for PBXProject "SeptemberProject" */ = {
			isa = XCConfigurationList;
			buildConfigurations = (
				18A539592AA798CD00D82A49 /* Debug */,
				18A5395A2AA798CD00D82A49 /* Release */,
			);
			defaultConfigurationIsVisible = 0;
			defaultConfigurationName = Release;
		};
		18A5395B2AA798CD00D82A49 /* Build configuration list for PBXNativeTarget "SeptemberProject" */ = {
			isa = XCConfigurationList;
			buildConfigurations = (
				18A5395C2AA798CD00D82A49 /* Debug */,
				18A5395D2AA798CD00D82A49 /* Release */,
			);
			defaultConfigurationIsVisible = 0;
			defaultConfigurationName = Release;
		};
/* End XCConfigurationList section */

/* Begin XCRemoteSwiftPackageReference section */
		18A539752AA896DF00D82A49 /* XCRemoteSwiftPackageReference "firebase-ios-sdk" */ = {
			isa = XCRemoteSwiftPackageReference;
			repositoryURL = "https://github.com/firebase/firebase-ios-sdk.git";
			requirement = {
				branch = master;
				kind = branch;
			};
		};
/* End XCRemoteSwiftPackageReference section */

/* Begin XCSwiftPackageProductDependency section */
		18A539762AA896DF00D82A49 /* FirebaseAuth */ = {
			isa = XCSwiftPackageProductDependency;
			package = 18A539752AA896DF00D82A49 /* XCRemoteSwiftPackageReference "firebase-ios-sdk" */;
			productName = FirebaseAuth;
		};
		18A539782AA896DF00D82A49 /* FirebaseDatabase */ = {
			isa = XCSwiftPackageProductDependency;
			package = 18A539752AA896DF00D82A49 /* XCRemoteSwiftPackageReference "firebase-ios-sdk" */;
			productName = FirebaseDatabase;
		};
		18A5397A2AA896DF00D82A49 /* FirebaseFirestore */ = {
			isa = XCSwiftPackageProductDependency;
			package = 18A539752AA896DF00D82A49 /* XCRemoteSwiftPackageReference "firebase-ios-sdk" */;
			productName = FirebaseFirestore;
		};
		18A5397C2AA896DF00D82A49 /* FirebaseFirestoreSwift */ = {
			isa = XCSwiftPackageProductDependency;
			package = 18A539752AA896DF00D82A49 /* XCRemoteSwiftPackageReference "firebase-ios-sdk" */;
			productName = FirebaseFirestoreSwift;
		};
		18A5397E2AA896DF00D82A49 /* FirebaseStorage */ = {
			isa = XCSwiftPackageProductDependency;
			package = 18A539752AA896DF00D82A49 /* XCRemoteSwiftPackageReference "firebase-ios-sdk" */;
			productName = FirebaseStorage;
		};
/* End XCSwiftPackageProductDependency section */
	};
	rootObject = 18A5393F2AA798CB00D82A49 /* Project object */;
}
